{
  "name": "codechallenge",
  "lockfileVersion": 2,
  "requires": true,
  "packages": {
    "": {
      "dependencies": {
        "telnet-client": "^1.4.11"
      }
    },
    "node_modules/bluebird": {
      "version": "3.7.2",
      "resolved": "https://inditex.jfrog.io/inditex/api/npm/node-public/bluebird/-/bluebird-3.7.2.tgz",
      "integrity": "sha1-nyKcFb4nJFT/qXOs4NvueaGww28=",
      "license": "MIT"
    },
    "node_modules/emitter-component": {
      "version": "1.1.1",
      "resolved": "https://inditex.jfrog.io/inditex/api/npm/node-public/emitter-component/-/emitter-component-1.1.1.tgz",
      "integrity": "sha1-Bl4tvtaVm/RwZ57avq95gdEAOrY="
    },
    "node_modules/net": {
      "version": "1.0.2",
      "resolved": "https://inditex.jfrog.io/inditex/api/npm/node-public/net/-/net-1.0.2.tgz",
      "integrity": "sha1-0XV+yaf7I3HYPPR1XOPifhCCk4g=",
      "license": "MIT"
    },
    "node_modules/stream": {
      "version": "0.0.2",
      "resolved": "https://inditex.jfrog.io/inditex/api/npm/node-public/stream/-/stream-0.0.2.tgz",
      "integrity": "sha1-f1Nj8Ff2WSxVlfALyAon9c7B8O8=",
      "license": "MIT",
      "dependencies": {
        "emitter-component": "^1.1.1"
      }
    },
    "node_modules/telnet-client": {
      "version": "1.4.11",
      "resolved": "https://inditex.jfrog.io/inditex/api/npm/node-public/telnet-client/-/telnet-client-1.4.11.tgz",
      "integrity": "sha1-frL52yKQrhunOSMX7bEfi0GbLI4=",
      "license": "MIT",
      "dependencies": {
        "bluebird": "^3.5.4",
        "net": "^1.0.2",
        "stream": "^0.0.2"
      },
      "funding": {
        "type": "paypal",
        "url": "https://paypal.me/kozjak"
      }
    }
  },
  "dependencies": {
    "bluebird": {
      "version": "3.7.2",
      "resolved": "https://inditex.jfrog.io/inditex/api/npm/node-public/bluebird/-/bluebird-3.7.2.tgz",
      "integrity": "sha1-nyKcFb4nJFT/qXOs4NvueaGww28="
    },
    "emitter-component": {
      "version": "1.1.1",
      "resolved": "https://inditex.jfrog.io/inditex/api/npm/node-public/emitter-component/-/emitter-component-1.1.1.tgz",
      "integrity": "sha1-Bl4tvtaVm/RwZ57avq95gdEAOrY="
    },
    "net": {
      "version": "1.0.2",
      "resolved": "https://inditex.jfrog.io/inditex/api/npm/node-public/net/-/net-1.0.2.tgz",
      "integrity": "sha1-0XV+yaf7I3HYPPR1XOPifhCCk4g="
    },
    "stream": {
      "version": "0.0.2",
      "resolved": "https://inditex.jfrog.io/inditex/api/npm/node-public/stream/-/stream-0.0.2.tgz",
      "integrity": "sha1-f1Nj8Ff2WSxVlfALyAon9c7B8O8=",
      "requires": {
        "emitter-component": "^1.1.1"
      }
    },
    "telnet-client": {
      "version": "1.4.11",
      "resolved": "https://inditex.jfrog.io/inditex/api/npm/node-public/telnet-client/-/telnet-client-1.4.11.tgz",
      "integrity": "sha1-frL52yKQrhunOSMX7bEfi0GbLI4=",
      "requires": {
        "bluebird": "^3.5.4",
        "net": "^1.0.2",
        "stream": "^0.0.2"
      }
    }
  }
}
